{
  "requires": true,
  "lockfileVersion": 1,
  "dependencies": {
    "@paypal/paypalhttp": {
      "version": "1.0.0",
      "resolved": "https://registry.npmjs.org/@paypal/paypalhttp/-/paypalhttp-1.0.0.tgz",
      "integrity": "sha512-6gHT5HhPLObICXU8LFFiuoH0vCh3y1y0jl0OWDRuTZvptZ1WRS2eKcHigheytqxk+CWTH0qh0M3S5vEf1PJrSw=="
    },
    "@types/node": {
      "version": "15.6.1",
      "resolved": "https://registry.npmjs.org/@types/node/-/node-15.6.1.tgz",
      "integrity": "sha512-7EIraBEyRHEe7CH+Fm1XvgqU6uwZN8Q7jppJGcqjROMT29qhAuuOxYB1uEY5UMYQKEmA5D+5tBnhdaPXSsLONA=="
    },
    "js-base64": {
      "version": "3.6.1",
      "resolved": "https://registry.npmjs.org/js-base64/-/js-base64-3.6.1.tgz",
      "integrity": "sha512-Frdq2+tRRGLQUIQOgsIGSCd1VePCS2fsddTG5dTCqR0JHgltXWfsxnY0gIXPoMeRmdom6Oyq+UMOFg5suduOjQ=="
    },
    "onpaypal__checkout-server-sdk": {
      "version": "1.0.0",
      "resolved": "https://registry.npmjs.org/onpaypal__checkout-server-sdk/-/onpaypal__checkout-server-sdk-1.0.0.tgz",
      "integrity": "sha512-Bi4O1TWpu0WSH1hX7R7d37sJ339b2a+4QSrvPe8/QrCuCPgjlxfa7eVKw/feswgsT/u7zo5KfK32Caq3zMXK2A=="
    }
  }
}
